# THIS IS AN AUTOGENERATED FILE. DO NOT EDIT THIS FILE DIRECTLY.
# yarn lockfile v1


ccxt@^1.55.71:
  version "1.56.83"
  resolved "https://registry.yarnpkg.com/ccxt/-/ccxt-1.56.83.tgz#fb6adc5f2f9c13f4d4609d8cc0fdbad225e81510"
  integrity sha512-tO7NKXHR4y6aoGQgRxgc5f6v3pFww7Ckpfp5d+z64IN72imxOeCTpF0P8Zjp9cKEld5UainfJ0K25rZf3DI1SQ==
